
Microsoft Visual Studio Solution File, Format Version 12.00
# Visual Studio Version 17
VisualStudioVersion = 17.5.33502.453
MinimumVisualStudioVersion = 10.0.40219.1
Project("{2150E333-8FDC-42A3-9474-1A3956D46DE8}") = "Internal", "Internal", "{DFA755A7-288B-4DB7-BAD2-153545F5E506}"
	ProjectSection(SolutionItems) = preProject
		Internal\.editorconfig = Internal\.editorconfig
	EndProjectSection
EndProject
Project("{2150E333-8FDC-42A3-9474-1A3956D46DE8}") = "Scripts", "Scripts", "{3A35DD43-0D0E-4A3A-A79D-58BA3D3CA5A7}"
EndProject
Project("{2150E333-8FDC-42A3-9474-1A3956D46DE8}") = "Dlls", "Dlls", "{596BB616-97D9-43C6-A28D-DA10EB4CC48B}"
	ProjectSection(SolutionItems) = preProject
		Dlls\ABOUT.md = Dlls\ABOUT.md
	EndProjectSection
EndProject
Project("{2150E333-8FDC-42A3-9474-1A3956D46DE8}") = "CompanionFiles", "CompanionFiles", "{9AFE7A46-F3CF-426A-B651-B1245B7AA53F}"
EndProject
Project("{2150E333-8FDC-42A3-9474-1A3956D46DE8}") = "Skyline DataMiner", "Skyline DataMiner", "{32DC990C-9BE9-4041-99C8-08A90B9E8795}"
	ProjectSection(SolutionItems) = preProject
		CompanionFiles\Skyline DataMiner\AboutThisFolder.md = CompanionFiles\Skyline DataMiner\AboutThisFolder.md
	EndProjectSection
EndProject
Project("{2150E333-8FDC-42A3-9474-1A3956D46DE8}") = "Documentation", "Documentation", "{EA52DCF7-E3FB-45CD-8F99-6F0B92999306}"
	ProjectSection(SolutionItems) = preProject
		Documentation\ABOUT.md = Documentation\ABOUT.md
		README.md = README.md
	EndProjectSection
EndProject
Project("{2150E333-8FDC-42A3-9474-1A3956D46DE8}") = "Tests", "Tests", "{F8938D60-51A0-4880-9CFC-19C66379BB5D}"
EndProject
Project("{2150E333-8FDC-42A3-9474-1A3956D46DE8}") = "Code Analysis", "Code Analysis", "{64B1969B-A932-46A2-B87B-2337F3CF92DF}"
	ProjectSection(SolutionItems) = preProject
		Internal\Code Analysis\qaction-debug.ruleset = Internal\Code Analysis\qaction-debug.ruleset
		Internal\Code Analysis\qaction-release.ruleset = Internal\Code Analysis\qaction-release.ruleset
		Internal\Code Analysis\stylecop.json = Internal\Code Analysis\stylecop.json
	EndProjectSection
EndProject
Project("{2150E333-8FDC-42A3-9474-1A3956D46DE8}") = "AutomationScript", "AutomationScript", "{6471CACC-502E-4120-AB37-7581A5191066}"
	ProjectSection(SolutionItems) = preProject
		AutomationScript.xml = AutomationScript.xml
	EndProjectSection
EndProject
Project("{2150E333-8FDC-42A3-9474-1A3956D46DE8}") = "Actions", "Actions", "{CEE29767-AA84-47A1-808C-EA730E005F62}"
EndProject
Project("{9A19103F-16F7-4668-BE54-9A1E7A4F7556}") = "AutomationScript_1", "AutomationScript_1\AutomationScript_1.csproj", "{531DF58E-4039-40A9-ABBB-CA799FA274C1}"
EndProject
Global
	GlobalSection(SolutionConfigurationPlatforms) = preSolution
		Debug|Any CPU = Debug|Any CPU
		Release|Any CPU = Release|Any CPU
	EndGlobalSection
	GlobalSection(ProjectConfigurationPlatforms) = postSolution
		{531DF58E-4039-40A9-ABBB-CA799FA274C1}.Debug|Any CPU.ActiveCfg = Debug|Any CPU
		{531DF58E-4039-40A9-ABBB-CA799FA274C1}.Debug|Any CPU.Build.0 = Debug|Any CPU
		{531DF58E-4039-40A9-ABBB-CA799FA274C1}.Release|Any CPU.ActiveCfg = Release|Any CPU
		{531DF58E-4039-40A9-ABBB-CA799FA274C1}.Release|Any CPU.Build.0 = Release|Any CPU
	EndGlobalSection
	GlobalSection(SolutionProperties) = preSolution
		HideSolutionNode = FALSE
	EndGlobalSection
	GlobalSection(NestedProjects) = preSolution
		{32DC990C-9BE9-4041-99C8-08A90B9E8795} = {9AFE7A46-F3CF-426A-B651-B1245B7AA53F}
		{64B1969B-A932-46A2-B87B-2337F3CF92DF} = {DFA755A7-288B-4DB7-BAD2-153545F5E506}
		{6471CACC-502E-4120-AB37-7581A5191066} = {3A35DD43-0D0E-4A3A-A79D-58BA3D3CA5A7}
		{CEE29767-AA84-47A1-808C-EA730E005F62} = {6471CACC-502E-4120-AB37-7581A5191066}
		{531DF58E-4039-40A9-ABBB-CA799FA274C1} = {CEE29767-AA84-47A1-808C-EA730E005F62}
	EndGlobalSection
	GlobalSection(ExtensibilityGlobals) = postSolution
		SolutionGuid = {FE0F6B9F-BF4E-4A7D-9316-0080F0FC93F6}
	EndGlobalSection
EndGlobal
